// !$*UTF8*$!
{
	archiveVersion = 1;
	classes = {
	};
	objectVersion = 46;
	objects = {

/* Begin PBXBuildFile section */
		7B2FBDF61EC943F400ADBF7B /* AppDelegate.swift in Sources */ = {isa = PBXBuildFile; fileRef = 7B2FBDF51EC943F400ADBF7B /* AppDelegate.swift */; };
		7B2FBDFB1EC943F400ADBF7B /* Main.storyboard in Resources */ = {isa = PBXBuildFile; fileRef = 7B2FBDF91EC943F400ADBF7B /* Main.storyboard */; };
		7B2FBE001EC943F400ADBF7B /* LaunchScreen.storyboard in Resources */ = {isa = PBXBuildFile; fileRef = 7B2FBDFE1EC943F400ADBF7B /* LaunchScreen.storyboard */; };
		7B2FBE0A1EC9469E00ADBF7B /* assets.xcassets in Resources */ = {isa = PBXBuildFile; fileRef = 7B2FBE091EC9469E00ADBF7B /* assets.xcassets */; };
		7B2FBE0D1EC956C900ADBF7B /* MapKit.framework in Frameworks */ = {isa = PBXBuildFile; fileRef = 7B2FBE0C1EC956C900ADBF7B /* MapKit.framework */; };
		7B905B451EC958A1001EA2E0 /* Explore.storyboard in Resources */ = {isa = PBXBuildFile; fileRef = 7B905B431EC958A1001EA2E0 /* Explore.storyboard */; };
		7B905B471EC95906001EA2E0 /* Map.storyboard in Resources */ = {isa = PBXBuildFile; fileRef = 7B905B461EC95906001EA2E0 /* Map.storyboard */; };
		7B905B581ED0FC66001EA2E0 /* ExploreViewController.swift in Sources */ = {isa = PBXBuildFile; fileRef = 7B905B571ED0FC66001EA2E0 /* ExploreViewController.swift */; };
		7B905B5C1ED1060D001EA2E0 /* ExploreItem.swift in Sources */ = {isa = PBXBuildFile; fileRef = 7B905B5B1ED1060D001EA2E0 /* ExploreItem.swift */; };
		7B905B5E1ED10619001EA2E0 /* ExploreDataManager.swift in Sources */ = {isa = PBXBuildFile; fileRef = 7B905B5D1ED10619001EA2E0 /* ExploreDataManager.swift */; };
		7B905B601ED106A4001EA2E0 /* ExploreData.plist in Resources */ = {isa = PBXBuildFile; fileRef = 7B905B5F1ED106A4001EA2E0 /* ExploreData.plist */; };
		7BE1785D1ED1140C00BFE8DD /* ExploreCell.swift in Sources */ = {isa = PBXBuildFile; fileRef = 7BE1785C1ED1140C00BFE8DD /* ExploreCell.swift */; };
		7BE178621ED11D3300BFE8DD /* RestaurantListViewController.swift in Sources */ = {isa = PBXBuildFile; fileRef = 7BE178611ED11D3300BFE8DD /* RestaurantListViewController.swift */; };
/* End PBXBuildFile section */

/* Begin PBXFileReference section */
		7B2FBDF21EC943F400ADBF7B /* LetsEat.app */ = {isa = PBXFileReference; explicitFileType = wrapper.application; includeInIndex = 0; path = LetsEat.app; sourceTree = BUILT_PRODUCTS_DIR; };
		7B2FBDF51EC943F400ADBF7B /* AppDelegate.swift */ = {isa = PBXFileReference; lastKnownFileType = sourcecode.swift; path = AppDelegate.swift; sourceTree = "<group>"; };
		7B2FBDFA1EC943F400ADBF7B /* Base */ = {isa = PBXFileReference; lastKnownFileType = file.storyboard; name = Base; path = Base.lproj/Main.storyboard; sourceTree = "<group>"; };
		7B2FBDFF1EC943F400ADBF7B /* Base */ = {isa = PBXFileReference; lastKnownFileType = file.storyboard; name = Base; path = Base.lproj/LaunchScreen.storyboard; sourceTree = "<group>"; };
		7B2FBE011EC943F400ADBF7B /* Info.plist */ = {isa = PBXFileReference; lastKnownFileType = text.plist.xml; path = Info.plist; sourceTree = "<group>"; };
		7B2FBE091EC9469E00ADBF7B /* assets.xcassets */ = {isa = PBXFileReference; lastKnownFileType = folder.assetcatalog; path = assets.xcassets; sourceTree = "<group>"; };
		7B2FBE0C1EC956C900ADBF7B /* MapKit.framework */ = {isa = PBXFileReference; lastKnownFileType = wrapper.framework; name = MapKit.framework; path = System/Library/Frameworks/MapKit.framework; sourceTree = SDKROOT; };
		7B905B441EC958A1001EA2E0 /* Base */ = {isa = PBXFileReference; lastKnownFileType = file.storyboard; name = Base; path = Base.lproj/Explore.storyboard; sourceTree = "<group>"; };
		7B905B461EC95906001EA2E0 /* Map.storyboard */ = {isa = PBXFileReference; fileEncoding = 4; lastKnownFileType = file.storyboard; path = Map.storyboard; sourceTree = "<group>"; };
		7B905B571ED0FC66001EA2E0 /* ExploreViewController.swift */ = {isa = PBXFileReference; fileEncoding = 4; lastKnownFileType = sourcecode.swift; path = ExploreViewController.swift; sourceTree = "<group>"; };
		7B905B5B1ED1060D001EA2E0 /* ExploreItem.swift */ = {isa = PBXFileReference; fileEncoding = 4; lastKnownFileType = sourcecode.swift; path = ExploreItem.swift; sourceTree = "<group>"; };
		7B905B5D1ED10619001EA2E0 /* ExploreDataManager.swift */ = {isa = PBXFileReference; fileEncoding = 4; lastKnownFileType = sourcecode.swift; path = ExploreDataManager.swift; sourceTree = "<group>"; };
		7B905B5F1ED106A4001EA2E0 /* ExploreData.plist */ = {isa = PBXFileReference; fileEncoding = 4; lastKnownFileType = text.plist.xml; path = ExploreData.plist; sourceTree = "<group>"; };
		7BE1785C1ED1140C00BFE8DD /* ExploreCell.swift */ = {isa = PBXFileReference; fileEncoding = 4; lastKnownFileType = sourcecode.swift; path = ExploreCell.swift; sourceTree = "<group>"; };
		7BE178611ED11D3300BFE8DD /* RestaurantListViewController.swift */ = {isa = PBXFileReference; fileEncoding = 4; lastKnownFileType = sourcecode.swift; path = RestaurantListViewController.swift; sourceTree = "<group>"; };
/* End PBXFileReference section */

/* Begin PBXFrameworksBuildPhase section */
		7B2FBDEF1EC943F400ADBF7B /* Frameworks */ = {
			isa = PBXFrameworksBuildPhase;
			buildActionMask = 2147483647;
			files = (
				7B2FBE0D1EC956C900ADBF7B /* MapKit.framework in Frameworks */,
			);
			runOnlyForDeploymentPostprocessing = 0;
		};
/* End PBXFrameworksBuildPhase section */

/* Begin PBXGroup section */
		7B2FBDE91EC943F400ADBF7B = {
			isa = PBXGroup;
			children = (
				7B2FBDF41EC943F400ADBF7B /* LetsEat */,
				7B2FBDF31EC943F400ADBF7B /* Products */,
				7B2FBE0B1EC956C800ADBF7B /* Frameworks */,
			);
			sourceTree = "<group>";
		};
		7B2FBDF31EC943F400ADBF7B /* Products */ = {
			isa = PBXGroup;
			children = (
				7B2FBDF21EC943F400ADBF7B /* LetsEat.app */,
			);
			name = Products;
			sourceTree = "<group>";
		};
		7B2FBDF41EC943F400ADBF7B /* LetsEat */ = {
			isa = PBXGroup;
			children = (
				7B905B491EC9598F001EA2E0 /* Application */,
				7B905B481EC95978001EA2E0 /* Assets */,
			);
			path = LetsEat;
			sourceTree = "<group>";
		};
		7B2FBE0B1EC956C800ADBF7B /* Frameworks */ = {
			isa = PBXGroup;
			children = (
				7B2FBE0C1EC956C900ADBF7B /* MapKit.framework */,
			);
			name = Frameworks;
			sourceTree = "<group>";
		};
		7B905B481EC95978001EA2E0 /* Assets */ = {
			isa = PBXGroup;
			children = (
				7B2FBE011EC943F400ADBF7B /* Info.plist */,
				7B905B4B1EC959AC001EA2E0 /* Images */,
				7B905B4A1EC959A5001EA2E0 /* Storyboard */,
			);
			name = Assets;
			sourceTree = "<group>";
		};
		7B905B491EC9598F001EA2E0 /* Application */ = {
			isa = PBXGroup;
			children = (
				7B905B531EC95A34001EA2E0 /* Main */,
				7B905B521EC95A2F001EA2E0 /* Explore */,
				7B905B511EC95A26001EA2E0 /* Restaurant */,
				7B905B501EC95A21001EA2E0 /* Map */,
				7B905B4F1EC95A1B001EA2E0 /* Location */,
				7B905B4E1EC95A16001EA2E0 /* Review */,
				7B905B4D1EC95A0D001EA2E0 /* ReviewList */,
				7B905B4C1EC959C5001EA2E0 /* Common */,
			);
			name = Application;
			sourceTree = "<group>";
		};
		7B905B4A1EC959A5001EA2E0 /* Storyboard */ = {
			isa = PBXGroup;
			children = (
				7B2FBDF91EC943F400ADBF7B /* Main.storyboard */,
				7B905B461EC95906001EA2E0 /* Map.storyboard */,
				7B905B431EC958A1001EA2E0 /* Explore.storyboard */,
				7B2FBDFE1EC943F400ADBF7B /* LaunchScreen.storyboard */,
			);
			name = Storyboard;
			sourceTree = "<group>";
		};
		7B905B4B1EC959AC001EA2E0 /* Images */ = {
			isa = PBXGroup;
			children = (
				7B2FBE091EC9469E00ADBF7B /* assets.xcassets */,
			);
			name = Images;
			sourceTree = "<group>";
		};
		7B905B4C1EC959C5001EA2E0 /* Common */ = {
			isa = PBXGroup;
			children = (
			);
			name = Common;
			sourceTree = "<group>";
		};
		7B905B4D1EC95A0D001EA2E0 /* ReviewList */ = {
			isa = PBXGroup;
			children = (
			);
			name = ReviewList;
			sourceTree = "<group>";
		};
		7B905B4E1EC95A16001EA2E0 /* Review */ = {
			isa = PBXGroup;
			children = (
			);
			name = Review;
			sourceTree = "<group>";
		};
		7B905B4F1EC95A1B001EA2E0 /* Location */ = {
			isa = PBXGroup;
			children = (
			);
			name = Location;
			sourceTree = "<group>";
		};
		7B905B501EC95A21001EA2E0 /* Map */ = {
			isa = PBXGroup;
			children = (
			);
			name = Map;
			sourceTree = "<group>";
		};
		7B905B511EC95A26001EA2E0 /* Restaurant */ = {
			isa = PBXGroup;
			children = (
				7BE1785E1ED11CEB00BFE8DD /* RestauranteList */,
			);
			name = Restaurant;
			sourceTree = "<group>";
		};
		7B905B521EC95A2F001EA2E0 /* Explore */ = {
			isa = PBXGroup;
			children = (
				7B905B561ED0FC3F001EA2E0 /* Model */,
				7B905B551ED0FC2A001EA2E0 /* View */,
				7B905B541ED0FC13001EA2E0 /* Controller */,
			);
			name = Explore;
			sourceTree = "<group>";
		};
		7B905B531EC95A34001EA2E0 /* Main */ = {
			isa = PBXGroup;
			children = (
				7B2FBDF51EC943F400ADBF7B /* AppDelegate.swift */,
			);
			name = Main;
			sourceTree = "<group>";
		};
		7B905B541ED0FC13001EA2E0 /* Controller */ = {
			isa = PBXGroup;
			children = (
				7B905B571ED0FC66001EA2E0 /* ExploreViewController.swift */,
			);
			name = Controller;
			sourceTree = "<group>";
		};
		7B905B551ED0FC2A001EA2E0 /* View */ = {
			isa = PBXGroup;
			children = (
				7BE1785C1ED1140C00BFE8DD /* ExploreCell.swift */,
			);
			name = View;
			sourceTree = "<group>";
		};
		7B905B561ED0FC3F001EA2E0 /* Model */ = {
			isa = PBXGroup;
			children = (
				7B905B5F1ED106A4001EA2E0 /* ExploreData.plist */,
				7B905B5B1ED1060D001EA2E0 /* ExploreItem.swift */,
				7B905B5D1ED10619001EA2E0 /* ExploreDataManager.swift */,
			);
			name = Model;
			sourceTree = "<group>";
		};
		7BE1785E1ED11CEB00BFE8DD /* RestauranteList */ = {
			isa = PBXGroup;
			children = (
				7BE178601ED11D0C00BFE8DD /* View */,
				7BE1785F1ED11D0200BFE8DD /* Controller */,
			);
			name = RestauranteList;
			sourceTree = "<group>";
		};
		7BE1785F1ED11D0200BFE8DD /* Controller */ = {
			isa = PBXGroup;
			children = (
				7BE178611ED11D3300BFE8DD /* RestaurantListViewController.swift */,
			);
			name = Controller;
			sourceTree = "<group>";
		};
		7BE178601ED11D0C00BFE8DD /* View */ = {
			isa = PBXGroup;
			children = (
			);
			name = View;
			sourceTree = "<group>";
		};
/* End PBXGroup section */

/* Begin PBXNativeTarget section */
		7B2FBDF11EC943F400ADBF7B /* LetsEat */ = {
			isa = PBXNativeTarget;
			buildConfigurationList = 7B2FBE041EC943F400ADBF7B /* Build configuration list for PBXNativeTarget "LetsEat" */;
			buildPhases = (
				7B2FBDEE1EC943F400ADBF7B /* Sources */,
				7B2FBDEF1EC943F400ADBF7B /* Frameworks */,
				7B2FBDF01EC943F400ADBF7B /* Resources */,
			);
			buildRules = (
			);
			dependencies = (
			);
			name = LetsEat;
			productName = LetsEat;
			productReference = 7B2FBDF21EC943F400ADBF7B /* LetsEat.app */;
			productType = "com.apple.product-type.application";
		};
/* End PBXNativeTarget section */

/* Begin PBXProject section */
		7B2FBDEA1EC943F400ADBF7B /* Project object */ = {
			isa = PBXProject;
			attributes = {
				LastSwiftUpdateCheck = 0830;
				LastUpgradeCheck = 0830;
				ORGANIZATIONNAME = "Apê Software";
				TargetAttributes = {
					7B2FBDF11EC943F400ADBF7B = {
						CreatedOnToolsVersion = 8.3;
						DevelopmentTeam = 9737X87RWT;
						ProvisioningStyle = Automatic;
					};
				};
			};
			buildConfigurationList = 7B2FBDED1EC943F400ADBF7B /* Build configuration list for PBXProject "LetsEat" */;
			compatibilityVersion = "Xcode 3.2";
			developmentRegion = English;
			hasScannedForEncodings = 0;
			knownRegions = (
				en,
				Base,
			);
			mainGroup = 7B2FBDE91EC943F400ADBF7B;
			productRefGroup = 7B2FBDF31EC943F400ADBF7B /* Products */;
			projectDirPath = "";
			projectRoot = "";
			targets = (
				7B2FBDF11EC943F400ADBF7B /* LetsEat */,
			);
		};
/* End PBXProject section */

/* Begin PBXResourcesBuildPhase section */
		7B2FBDF01EC943F400ADBF7B /* Resources */ = {
			isa = PBXResourcesBuildPhase;
			buildActionMask = 2147483647;
			files = (
				7B905B451EC958A1001EA2E0 /* Explore.storyboard in Resources */,
				7B2FBE001EC943F400ADBF7B /* LaunchScreen.storyboard in Resources */,
				7B905B471EC95906001EA2E0 /* Map.storyboard in Resources */,
				7B2FBDFB1EC943F400ADBF7B /* Main.storyboard in Resources */,
				7B905B601ED106A4001EA2E0 /* ExploreData.plist in Resources */,
				7B2FBE0A1EC9469E00ADBF7B /* assets.xcassets in Resources */,
			);
			runOnlyForDeploymentPostprocessing = 0;
		};
/* End PBXResourcesBuildPhase section */

/* Begin PBXSourcesBuildPhase section */
		7B2FBDEE1EC943F400ADBF7B /* Sources */ = {
			isa = PBXSourcesBuildPhase;
			buildActionMask = 2147483647;
			files = (
				7BE1785D1ED1140C00BFE8DD /* ExploreCell.swift in Sources */,
				7BE178621ED11D3300BFE8DD /* RestaurantListViewController.swift in Sources */,
				7B905B581ED0FC66001EA2E0 /* ExploreViewController.swift in Sources */,
				7B905B5E1ED10619001EA2E0 /* ExploreDataManager.swift in Sources */,
				7B2FBDF61EC943F400ADBF7B /* AppDelegate.swift in Sources */,
				7B905B5C1ED1060D001EA2E0 /* ExploreItem.swift in Sources */,
			);
			runOnlyForDeploymentPostprocessing = 0;
		};
/* End PBXSourcesBuildPhase section */

/* Begin PBXVariantGroup section */
		7B2FBDF91EC943F400ADBF7B /* Main.storyboard */ = {
			isa = PBXVariantGroup;
			children = (
				7B2FBDFA1EC943F400ADBF7B /* Base */,
			);
			name = Main.storyboard;
			sourceTree = "<group>";
		};
		7B2FBDFE1EC943F400ADBF7B /* LaunchScreen.storyboard */ = {
			isa = PBXVariantGroup;
			children = (
				7B2FBDFF1EC943F400ADBF7B /* Base */,
			);
			name = LaunchScreen.storyboard;
			sourceTree = "<group>";
		};
		7B905B431EC958A1001EA2E0 /* Explore.storyboard */ = {
			isa = PBXVariantGroup;
			children = (
				7B905B441EC958A1001EA2E0 /* Base */,
			);
			name = Explore.storyboard;
			sourceTree = "<group>";
		};
/* End PBXVariantGroup section */

/* Begin XCBuildConfiguration section */
		7B2FBE021EC943F400ADBF7B /* Debug */ = {
			isa = XCBuildConfiguration;
			buildSettings = {
				ALWAYS_SEARCH_USER_PATHS = NO;
				CLANG_ANALYZER_NONNULL = YES;
				CLANG_ANALYZER_NUMBER_OBJECT_CONVERSION = YES_AGGRESSIVE;
				CLANG_CXX_LANGUAGE_STANDARD = "gnu++0x";
				CLANG_CXX_LIBRARY = "libc++";
				CLANG_ENABLE_MODULES = YES;
				CLANG_ENABLE_OBJC_ARC = YES;
				CLANG_WARN_BOOL_CONVERSION = YES;
				CLANG_WARN_CONSTANT_CONVERSION = YES;
				CLANG_WARN_DIRECT_OBJC_ISA_USAGE = YES_ERROR;
				CLANG_WARN_DOCUMENTATION_COMMENTS = YES;
				CLANG_WARN_EMPTY_BODY = YES;
				CLANG_WARN_ENUM_CONVERSION = YES;
				CLANG_WARN_INFINITE_RECURSION = YES;
				CLANG_WARN_INT_CONVERSION = YES;
				CLANG_WARN_OBJC_ROOT_CLASS = YES_ERROR;
				CLANG_WARN_SUSPICIOUS_MOVE = YES;
				CLANG_WARN_UNREACHABLE_CODE = YES;
				CLANG_WARN__DUPLICATE_METHOD_MATCH = YES;
				"CODE_SIGN_IDENTITY[sdk=iphoneos*]" = "iPhone Developer";
				COPY_PHASE_STRIP = NO;
				DEBUG_INFORMATION_FORMAT = dwarf;
				ENABLE_STRICT_OBJC_MSGSEND = YES;
				ENABLE_TESTABILITY = YES;
				GCC_C_LANGUAGE_STANDARD = gnu99;
				GCC_DYNAMIC_NO_PIC = NO;
				GCC_NO_COMMON_BLOCKS = YES;
				GCC_OPTIMIZATION_LEVEL = 0;
				GCC_PREPROCESSOR_DEFINITIONS = (
					"DEBUG=1",
					"$(inherited)",
				);
				GCC_WARN_64_TO_32_BIT_CONVERSION = YES;
				GCC_WARN_ABOUT_RETURN_TYPE = YES_ERROR;
				GCC_WARN_UNDECLARED_SELECTOR = YES;
				GCC_WARN_UNINITIALIZED_AUTOS = YES_AGGRESSIVE;
				GCC_WARN_UNUSED_FUNCTION = YES;
				GCC_WARN_UNUSED_VARIABLE = YES;
				IPHONEOS_DEPLOYMENT_TARGET = 10.3;
				MTL_ENABLE_DEBUG_INFO = YES;
				ONLY_ACTIVE_ARCH = YES;
				SDKROOT = iphoneos;
				SWIFT_ACTIVE_COMPILATION_CONDITIONS = DEBUG;
				SWIFT_OPTIMIZATION_LEVEL = "-Onone";
				TARGETED_DEVICE_FAMILY = "1,2";
			};
			name = Debug;
		};
		7B2FBE031EC943F400ADBF7B /* Release */ = {
			isa = XCBuildConfiguration;
			buildSettings = {
				ALWAYS_SEARCH_USER_PATHS = NO;
				CLANG_ANALYZER_NONNULL = YES;
				CLANG_ANALYZER_NUMBER_OBJECT_CONVERSION = YES_AGGRESSIVE;
				CLANG_CXX_LANGUAGE_STANDARD = "gnu++0x";
				CLANG_CXX_LIBRARY = "libc++";
				CLANG_ENABLE_MODULES = YES;
				CLANG_ENABLE_OBJC_ARC = YES;
				CLANG_WARN_BOOL_CONVERSION = YES;
				CLANG_WARN_CONSTANT_CONVERSION = YES;
				CLANG_WARN_DIRECT_OBJC_ISA_USAGE = YES_ERROR;
				CLANG_WARN_DOCUMENTATION_COMMENTS = YES;
				CLANG_WARN_EMPTY_BODY = YES;
				CLANG_WARN_ENUM_CONVERSION = YES;
				CLANG_WARN_INFINITE_RECURSION = YES;
				CLANG_WARN_INT_CONVERSION = YES;
				CLANG_WARN_OBJC_ROOT_CLASS = YES_ERROR;
				CLANG_WARN_SUSPICIOUS_MOVE = YES;
				CLANG_WARN_UNREACHABLE_CODE = YES;
				CLANG_WARN__DUPLICATE_METHOD_MATCH = YES;
				"CODE_SIGN_IDENTITY[sdk=iphoneos*]" = "iPhone Developer";
				COPY_PHASE_STRIP = NO;
				DEBUG_INFORMATION_FORMAT = "dwarf-with-dsym";
				ENABLE_NS_ASSERTIONS = NO;
				ENABLE_STRICT_OBJC_MSGSEND = YES;
				GCC_C_LANGUAGE_STANDARD = gnu99;
				GCC_NO_COMMON_BLOCKS = YES;
				GCC_WARN_64_TO_32_BIT_CONVERSION = YES;
				GCC_WARN_ABOUT_RETURN_TYPE = YES_ERROR;
				GCC_WARN_UNDECLARED_SELECTOR = YES;
				GCC_WARN_UNINITIALIZED_AUTOS = YES_AGGRESSIVE;
				GCC_WARN_UNUSED_FUNCTION = YES;
				GCC_WARN_UNUSED_VARIABLE = YES;
				IPHONEOS_DEPLOYMENT_TARGET = 10.3;
				MTL_ENABLE_DEBUG_INFO = NO;
				SDKROOT = iphoneos;
				SWIFT_OPTIMIZATION_LEVEL = "-Owholemodule";
				TARGETED_DEVICE_FAMILY = "1,2";
				VALIDATE_PRODUCT = YES;
			};
			name = Release;
		};
		7B2FBE051EC943F400ADBF7B /* Debug */ = {
			isa = XCBuildConfiguration;
			buildSettings = {
				ASSETCATALOG_COMPILER_APPICON_NAME = AppIcon;
				DEVELOPMENT_TEAM = 9737X87RWT;
				INFOPLIST_FILE = LetsEat/Info.plist;
				LD_RUNPATH_SEARCH_PATHS = "$(inherited) @executable_path/Frameworks";
				PRODUCT_BUNDLE_IDENTIFIER = br.apesoftware.com.br.LetsEat;
				PRODUCT_NAME = "$(TARGET_NAME)";
				SWIFT_VERSION = 3.0;
			};
			name = Debug;
		};
		7B2FBE061EC943F400ADBF7B /* Release */ = {
			isa = XCBuildConfiguration;
			buildSettings = {
				ASSETCATALOG_COMPILER_APPICON_NAME = AppIcon;
				DEVELOPMENT_TEAM = 9737X87RWT;
				INFOPLIST_FILE = LetsEat/Info.plist;
				LD_RUNPATH_SEARCH_PATHS = "$(inherited) @executable_path/Frameworks";
				PRODUCT_BUNDLE_IDENTIFIER = br.apesoftware.com.br.LetsEat;
				PRODUCT_NAME = "$(TARGET_NAME)";
				SWIFT_VERSION = 3.0;
			};
			name = Release;
		};
/* End XCBuildConfiguration section */

/* Begin XCConfigurationList section */
		7B2FBDED1EC943F400ADBF7B /* Build configuration list for PBXProject "LetsEat" */ = {
			isa = XCConfigurationList;
			buildConfigurations = (
				7B2FBE021EC943F400ADBF7B /* Debug */,
				7B2FBE031EC943F400ADBF7B /* Release */,
			);
			defaultConfigurationIsVisible = 0;
			defaultConfigurationName = Release;
		};
		7B2FBE041EC943F400ADBF7B /* Build configuration list for PBXNativeTarget "LetsEat" */ = {
			isa = XCConfigurationList;
			buildConfigurations = (
				7B2FBE051EC943F400ADBF7B /* Debug */,
				7B2FBE061EC943F400ADBF7B /* Release */,
			);
			defaultConfigurationIsVisible = 0;
			defaultConfigurationName = Release;
		};
/* End XCConfigurationList section */
	};
	rootObject = 7B2FBDEA1EC943F400ADBF7B /* Project object */;
}
